// !$*UTF8*$!
{
	archiveVersion = 1;
	classes = {
	};
	objectVersion = 56;
	objects = {

/* Begin PBXBuildFile section */
		E5CBC3EB2BF0E880000A4BD5 /* ExpenseTrackerApp.swift in Sources */ = {isa = PBXBuildFile; fileRef = E5CBC3EA2BF0E880000A4BD5 /* ExpenseTrackerApp.swift */; };
		E5CBC3ED2BF0E880000A4BD5 /* ContentView.swift in Sources */ = {isa = PBXBuildFile; fileRef = E5CBC3EC2BF0E880000A4BD5 /* ContentView.swift */; };
		E5CBC3EF2BF0E883000A4BD5 /* Assets.xcassets in Resources */ = {isa = PBXBuildFile; fileRef = E5CBC3EE2BF0E883000A4BD5 /* Assets.xcassets */; };
		E5CBC3F22BF0E883000A4BD5 /* Preview Assets.xcassets in Resources */ = {isa = PBXBuildFile; fileRef = E5CBC3F12BF0E883000A4BD5 /* Preview Assets.xcassets */; };
		E5CBC3F92BF0EACC000A4BD5 /* Extensions.swift in Sources */ = {isa = PBXBuildFile; fileRef = E5CBC3F82BF0EACC000A4BD5 /* Extensions.swift */; };
		E5CBC3FB2BF0EE56000A4BD5 /* TransactionModel.swift in Sources */ = {isa = PBXBuildFile; fileRef = E5CBC3FA2BF0EE56000A4BD5 /* TransactionModel.swift */; };
		E5CBC3FD2BF0EFB2000A4BD5 /* PreviewData.swift in Sources */ = {isa = PBXBuildFile; fileRef = E5CBC3FC2BF0EFB2000A4BD5 /* PreviewData.swift */; };
		E5CBC3FF2BF0F0E4000A4BD5 /* TransactionRow.swift in Sources */ = {isa = PBXBuildFile; fileRef = E5CBC3FE2BF0F0E4000A4BD5 /* TransactionRow.swift */; };
		E5CBC4022BF0FA4F000A4BD5 /* SwiftUIFontIcon in Frameworks */ = {isa = PBXBuildFile; productRef = E5CBC4012BF0FA4F000A4BD5 /* SwiftUIFontIcon */; };
		E5CBC4042BF0FB3E000A4BD5 /* TransactionListViewModel.swift in Sources */ = {isa = PBXBuildFile; fileRef = E5CBC4032BF0FB3E000A4BD5 /* TransactionListViewModel.swift */; };
		E5CBC4062BF0FD4B000A4BD5 /* RecentTransactionList.swift in Sources */ = {isa = PBXBuildFile; fileRef = E5CBC4052BF0FD4B000A4BD5 /* RecentTransactionList.swift */; };
		E5CBC4082BF107AA000A4BD5 /* TransactionList.swift in Sources */ = {isa = PBXBuildFile; fileRef = E5CBC4072BF107AA000A4BD5 /* TransactionList.swift */; };
		E5CBC40B2BF10C88000A4BD5 /* Collections in Frameworks */ = {isa = PBXBuildFile; productRef = E5CBC40A2BF10C88000A4BD5 /* Collections */; };
		E5CBC40E2BF10D86000A4BD5 /* SwiftUICharts in Frameworks */ = {isa = PBXBuildFile; productRef = E5CBC40D2BF10D86000A4BD5 /* SwiftUICharts */; };
/* End PBXBuildFile section */

/* Begin PBXFileReference section */
		E5CBC3E72BF0E880000A4BD5 /* ExpenseTracker.app */ = {isa = PBXFileReference; explicitFileType = wrapper.application; includeInIndex = 0; path = ExpenseTracker.app; sourceTree = BUILT_PRODUCTS_DIR; };
		E5CBC3EA2BF0E880000A4BD5 /* ExpenseTrackerApp.swift */ = {isa = PBXFileReference; lastKnownFileType = sourcecode.swift; path = ExpenseTrackerApp.swift; sourceTree = "<group>"; };
		E5CBC3EC2BF0E880000A4BD5 /* ContentView.swift */ = {isa = PBXFileReference; lastKnownFileType = sourcecode.swift; path = ContentView.swift; sourceTree = "<group>"; };
		E5CBC3EE2BF0E883000A4BD5 /* Assets.xcassets */ = {isa = PBXFileReference; lastKnownFileType = folder.assetcatalog; path = Assets.xcassets; sourceTree = "<group>"; };
		E5CBC3F12BF0E883000A4BD5 /* Preview Assets.xcassets */ = {isa = PBXFileReference; lastKnownFileType = folder.assetcatalog; path = "Preview Assets.xcassets"; sourceTree = "<group>"; };
		E5CBC3F82BF0EACC000A4BD5 /* Extensions.swift */ = {isa = PBXFileReference; lastKnownFileType = sourcecode.swift; path = Extensions.swift; sourceTree = "<group>"; };
		E5CBC3FA2BF0EE56000A4BD5 /* TransactionModel.swift */ = {isa = PBXFileReference; lastKnownFileType = sourcecode.swift; path = TransactionModel.swift; sourceTree = "<group>"; };
		E5CBC3FC2BF0EFB2000A4BD5 /* PreviewData.swift */ = {isa = PBXFileReference; lastKnownFileType = sourcecode.swift; path = PreviewData.swift; sourceTree = "<group>"; };
		E5CBC3FE2BF0F0E4000A4BD5 /* TransactionRow.swift */ = {isa = PBXFileReference; lastKnownFileType = sourcecode.swift; path = TransactionRow.swift; sourceTree = "<group>"; };
		E5CBC4032BF0FB3E000A4BD5 /* TransactionListViewModel.swift */ = {isa = PBXFileReference; lastKnownFileType = sourcecode.swift; path = TransactionListViewModel.swift; sourceTree = "<group>"; };
		E5CBC4052BF0FD4B000A4BD5 /* RecentTransactionList.swift */ = {isa = PBXFileReference; lastKnownFileType = sourcecode.swift; path = RecentTransactionList.swift; sourceTree = "<group>"; };
		E5CBC4072BF107AA000A4BD5 /* TransactionList.swift */ = {isa = PBXFileReference; lastKnownFileType = sourcecode.swift; path = TransactionList.swift; sourceTree = "<group>"; };
/* End PBXFileReference section */

/* Begin PBXFrameworksBuildPhase section */
		E5CBC3E42BF0E880000A4BD5 /* Frameworks */ = {
			isa = PBXFrameworksBuildPhase;
			buildActionMask = 2147483647;
			files = (
				E5CBC40E2BF10D86000A4BD5 /* SwiftUICharts in Frameworks */,
				E5CBC40B2BF10C88000A4BD5 /* Collections in Frameworks */,
				E5CBC4022BF0FA4F000A4BD5 /* SwiftUIFontIcon in Frameworks */,
			);
			runOnlyForDeploymentPostprocessing = 0;
		};
/* End PBXFrameworksBuildPhase section */

/* Begin PBXGroup section */
		E5CBC3DE2BF0E880000A4BD5 = {
			isa = PBXGroup;
			children = (
				E5CBC3E92BF0E880000A4BD5 /* ExpenseTracker */,
				E5CBC3E82BF0E880000A4BD5 /* Products */,
			);
			sourceTree = "<group>";
		};
		E5CBC3E82BF0E880000A4BD5 /* Products */ = {
			isa = PBXGroup;
			children = (
				E5CBC3E72BF0E880000A4BD5 /* ExpenseTracker.app */,
			);
			name = Products;
			sourceTree = "<group>";
		};
		E5CBC3E92BF0E880000A4BD5 /* ExpenseTracker */ = {
			isa = PBXGroup;
			children = (
				E5CBC3EA2BF0E880000A4BD5 /* ExpenseTrackerApp.swift */,
				E5CBC3EC2BF0E880000A4BD5 /* ContentView.swift */,
				E5CBC3FE2BF0F0E4000A4BD5 /* TransactionRow.swift */,
				E5CBC4032BF0FB3E000A4BD5 /* TransactionListViewModel.swift */,
				E5CBC4072BF107AA000A4BD5 /* TransactionList.swift */,
				E5CBC4052BF0FD4B000A4BD5 /* RecentTransactionList.swift */,
				E5CBC3F82BF0EACC000A4BD5 /* Extensions.swift */,
				E5CBC3FA2BF0EE56000A4BD5 /* TransactionModel.swift */,
				E5CBC3EE2BF0E883000A4BD5 /* Assets.xcassets */,
				E5CBC3F02BF0E883000A4BD5 /* Preview Content */,
			);
			path = ExpenseTracker;
			sourceTree = "<group>";
		};
		E5CBC3F02BF0E883000A4BD5 /* Preview Content */ = {
			isa = PBXGroup;
			children = (
				E5CBC3F12BF0E883000A4BD5 /* Preview Assets.xcassets */,
				E5CBC3FC2BF0EFB2000A4BD5 /* PreviewData.swift */,
			);
			path = "Preview Content";
			sourceTree = "<group>";
		};
/* End PBXGroup section */

/* Begin PBXNativeTarget section */
		E5CBC3E62BF0E880000A4BD5 /* ExpenseTracker */ = {
			isa = PBXNativeTarget;
			buildConfigurationList = E5CBC3F52BF0E883000A4BD5 /* Build configuration list for PBXNativeTarget "ExpenseTracker" */;
			buildPhases = (
				E5CBC3E32BF0E880000A4BD5 /* Sources */,
				E5CBC3E42BF0E880000A4BD5 /* Frameworks */,
				E5CBC3E52BF0E880000A4BD5 /* Resources */,
			);
			buildRules = (
			);
			dependencies = (
			);
			name = ExpenseTracker;
			packageProductDependencies = (
				E5CBC4012BF0FA4F000A4BD5 /* SwiftUIFontIcon */,
				E5CBC40A2BF10C88000A4BD5 /* Collections */,
				E5CBC40D2BF10D86000A4BD5 /* SwiftUICharts */,
			);
			productName = ExpenseTracker;
			productReference = E5CBC3E72BF0E880000A4BD5 /* ExpenseTracker.app */;
			productType = "com.apple.product-type.application";
		};
/* End PBXNativeTarget section */

/* Begin PBXProject section */
		E5CBC3DF2BF0E880000A4BD5 /* Project object */ = {
			isa = PBXProject;
			attributes = {
				BuildIndependentTargetsInParallel = 1;
				LastSwiftUpdateCheck = 1520;
				LastUpgradeCheck = 1520;
				TargetAttributes = {
					E5CBC3E62BF0E880000A4BD5 = {
						CreatedOnToolsVersion = 15.2;
					};
				};
			};
			buildConfigurationList = E5CBC3E22BF0E880000A4BD5 /* Build configuration list for PBXProject "ExpenseTracker" */;
			compatibilityVersion = "Xcode 14.0";
			developmentRegion = en;
			hasScannedForEncodings = 0;
			knownRegions = (
				en,
				Base,
			);
			mainGroup = E5CBC3DE2BF0E880000A4BD5;
			packageReferences = (
				E5CBC4002BF0FA4F000A4BD5 /* XCRemoteSwiftPackageReference "SwiftUIFontIcon" */,
				E5CBC4092BF10C88000A4BD5 /* XCRemoteSwiftPackageReference "swift-collections" */,
				E5CBC40C2BF10D86000A4BD5 /* XCRemoteSwiftPackageReference "ChartView" */,
			);
			productRefGroup = E5CBC3E82BF0E880000A4BD5 /* Products */;
			projectDirPath = "";
			projectRoot = "";
			targets = (
				E5CBC3E62BF0E880000A4BD5 /* ExpenseTracker */,
			);
		};
/* End PBXProject section */

/* Begin PBXResourcesBuildPhase section */
		E5CBC3E52BF0E880000A4BD5 /* Resources */ = {
			isa = PBXResourcesBuildPhase;
			buildActionMask = 2147483647;
			files = (
				E5CBC3F22BF0E883000A4BD5 /* Preview Assets.xcassets in Resources */,
				E5CBC3EF2BF0E883000A4BD5 /* Assets.xcassets in Resources */,
			);
			runOnlyForDeploymentPostprocessing = 0;
		};
/* End PBXResourcesBuildPhase section */

/* Begin PBXSourcesBuildPhase section */
		E5CBC3E32BF0E880000A4BD5 /* Sources */ = {
			isa = PBXSourcesBuildPhase;
			buildActionMask = 2147483647;
			files = (
				E5CBC3FD2BF0EFB2000A4BD5 /* PreviewData.swift in Sources */,
				E5CBC4082BF107AA000A4BD5 /* TransactionList.swift in Sources */,
				E5CBC4062BF0FD4B000A4BD5 /* RecentTransactionList.swift in Sources */,
				E5CBC3FB2BF0EE56000A4BD5 /* TransactionModel.swift in Sources */,
				E5CBC3ED2BF0E880000A4BD5 /* ContentView.swift in Sources */,
				E5CBC3FF2BF0F0E4000A4BD5 /* TransactionRow.swift in Sources */,
				E5CBC3F92BF0EACC000A4BD5 /* Extensions.swift in Sources */,
				E5CBC4042BF0FB3E000A4BD5 /* TransactionListViewModel.swift in Sources */,
				E5CBC3EB2BF0E880000A4BD5 /* ExpenseTrackerApp.swift in Sources */,
			);
			runOnlyForDeploymentPostprocessing = 0;
		};
/* End PBXSourcesBuildPhase section */

/* Begin XCBuildConfiguration section */
		E5CBC3F32BF0E883000A4BD5 /* Debug */ = {
			isa = XCBuildConfiguration;
			buildSettings = {
				ALWAYS_SEARCH_USER_PATHS = NO;
				ASSETCATALOG_COMPILER_GENERATE_SWIFT_ASSET_SYMBOL_EXTENSIONS = YES;
				CLANG_ANALYZER_NONNULL = YES;
				CLANG_ANALYZER_NUMBER_OBJECT_CONVERSION = YES_AGGRESSIVE;
				CLANG_CXX_LANGUAGE_STANDARD = "gnu++20";
				CLANG_ENABLE_MODULES = YES;
				CLANG_ENABLE_OBJC_ARC = YES;
				CLANG_ENABLE_OBJC_WEAK = YES;
				CLANG_WARN_BLOCK_CAPTURE_AUTORELEASING = YES;
				CLANG_WARN_BOOL_CONVERSION = YES;
				CLANG_WARN_COMMA = YES;
				CLANG_WARN_CONSTANT_CONVERSION = YES;
				CLANG_WARN_DEPRECATED_OBJC_IMPLEMENTATIONS = YES;
				CLANG_WARN_DIRECT_OBJC_ISA_USAGE = YES_ERROR;
				CLANG_WARN_DOCUMENTATION_COMMENTS = YES;
				CLANG_WARN_EMPTY_BODY = YES;
				CLANG_WARN_ENUM_CONVERSION = YES;
				CLANG_WARN_INFINITE_RECURSION = YES;
				CLANG_WARN_INT_CONVERSION = YES;
				CLANG_WARN_NON_LITERAL_NULL_CONVERSION = YES;
				CLANG_WARN_OBJC_IMPLICIT_RETAIN_SELF = YES;
				CLANG_WARN_OBJC_LITERAL_CONVERSION = YES;
				CLANG_WARN_OBJC_ROOT_CLASS = YES_ERROR;
				CLANG_WARN_QUOTED_INCLUDE_IN_FRAMEWORK_HEADER = YES;
				CLANG_WARN_RANGE_LOOP_ANALYSIS = YES;
				CLANG_WARN_STRICT_PROTOTYPES = YES;
				CLANG_WARN_SUSPICIOUS_MOVE = YES;
				CLANG_WARN_UNGUARDED_AVAILABILITY = YES_AGGRESSIVE;
				CLANG_WARN_UNREACHABLE_CODE = YES;
				CLANG_WARN__DUPLICATE_METHOD_MATCH = YES;
				COPY_PHASE_STRIP = NO;
				DEBUG_INFORMATION_FORMAT = dwarf;
				ENABLE_STRICT_OBJC_MSGSEND = YES;
				ENABLE_TESTABILITY = YES;
				ENABLE_USER_SCRIPT_SANDBOXING = YES;
				GCC_C_LANGUAGE_STANDARD = gnu17;
				GCC_DYNAMIC_NO_PIC = NO;
				GCC_NO_COMMON_BLOCKS = YES;
				GCC_OPTIMIZATION_LEVEL = 0;
				GCC_PREPROCESSOR_DEFINITIONS = (
					"DEBUG=1",
					"$(inherited)",
				);
				GCC_WARN_64_TO_32_BIT_CONVERSION = YES;
				GCC_WARN_ABOUT_RETURN_TYPE = YES_ERROR;
				GCC_WARN_UNDECLARED_SELECTOR = YES;
				GCC_WARN_UNINITIALIZED_AUTOS = YES_AGGRESSIVE;
				GCC_WARN_UNUSED_FUNCTION = YES;
				GCC_WARN_UNUSED_VARIABLE = YES;
				IPHONEOS_DEPLOYMENT_TARGET = 17.2;
				LOCALIZATION_PREFERS_STRING_CATALOGS = YES;
				MTL_ENABLE_DEBUG_INFO = INCLUDE_SOURCE;
				MTL_FAST_MATH = YES;
				ONLY_ACTIVE_ARCH = YES;
				SDKROOT = iphoneos;
				SWIFT_ACTIVE_COMPILATION_CONDITIONS = "DEBUG $(inherited)";
				SWIFT_OPTIMIZATION_LEVEL = "-Onone";
			};
			name = Debug;
		};
		E5CBC3F42BF0E883000A4BD5 /* Release */ = {
			isa = XCBuildConfiguration;
			buildSettings = {
				ALWAYS_SEARCH_USER_PATHS = NO;
				ASSETCATALOG_COMPILER_GENERATE_SWIFT_ASSET_SYMBOL_EXTENSIONS = YES;
				CLANG_ANALYZER_NONNULL = YES;
				CLANG_ANALYZER_NUMBER_OBJECT_CONVERSION = YES_AGGRESSIVE;
				CLANG_CXX_LANGUAGE_STANDARD = "gnu++20";
				CLANG_ENABLE_MODULES = YES;
				CLANG_ENABLE_OBJC_ARC = YES;
				CLANG_ENABLE_OBJC_WEAK = YES;
				CLANG_WARN_BLOCK_CAPTURE_AUTORELEASING = YES;
				CLANG_WARN_BOOL_CONVERSION = YES;
				CLANG_WARN_COMMA = YES;
				CLANG_WARN_CONSTANT_CONVERSION = YES;
				CLANG_WARN_DEPRECATED_OBJC_IMPLEMENTATIONS = YES;
				CLANG_WARN_DIRECT_OBJC_ISA_USAGE = YES_ERROR;
				CLANG_WARN_DOCUMENTATION_COMMENTS = YES;
				CLANG_WARN_EMPTY_BODY = YES;
				CLANG_WARN_ENUM_CONVERSION = YES;
				CLANG_WARN_INFINITE_RECURSION = YES;
				CLANG_WARN_INT_CONVERSION = YES;
				CLANG_WARN_NON_LITERAL_NULL_CONVERSION = YES;
				CLANG_WARN_OBJC_IMPLICIT_RETAIN_SELF = YES;
				CLANG_WARN_OBJC_LITERAL_CONVERSION = YES;
				CLANG_WARN_OBJC_ROOT_CLASS = YES_ERROR;
				CLANG_WARN_QUOTED_INCLUDE_IN_FRAMEWORK_HEADER = YES;
				CLANG_WARN_RANGE_LOOP_ANALYSIS = YES;
				CLANG_WARN_STRICT_PROTOTYPES = YES;
				CLANG_WARN_SUSPICIOUS_MOVE = YES;
				CLANG_WARN_UNGUARDED_AVAILABILITY = YES_AGGRESSIVE;
				CLANG_WARN_UNREACHABLE_CODE = YES;
				CLANG_WARN__DUPLICATE_METHOD_MATCH = YES;
				COPY_PHASE_STRIP = NO;
				DEBUG_INFORMATION_FORMAT = "dwarf-with-dsym";
				ENABLE_NS_ASSERTIONS = NO;
				ENABLE_STRICT_OBJC_MSGSEND = YES;
				ENABLE_USER_SCRIPT_SANDBOXING = YES;
				GCC_C_LANGUAGE_STANDARD = gnu17;
				GCC_NO_COMMON_BLOCKS = YES;
				GCC_WARN_64_TO_32_BIT_CONVERSION = YES;
				GCC_WARN_ABOUT_RETURN_TYPE = YES_ERROR;
				GCC_WARN_UNDECLARED_SELECTOR = YES;
				GCC_WARN_UNINITIALIZED_AUTOS = YES_AGGRESSIVE;
				GCC_WARN_UNUSED_FUNCTION = YES;
				GCC_WARN_UNUSED_VARIABLE = YES;
				IPHONEOS_DEPLOYMENT_TARGET = 17.2;
				LOCALIZATION_PREFERS_STRING_CATALOGS = YES;
				MTL_ENABLE_DEBUG_INFO = NO;
				MTL_FAST_MATH = YES;
				SDKROOT = iphoneos;
				SWIFT_COMPILATION_MODE = wholemodule;
				VALIDATE_PRODUCT = YES;
			};
			name = Release;
		};
		E5CBC3F62BF0E883000A4BD5 /* Debug */ = {
			isa = XCBuildConfiguration;
			buildSettings = {
				ASSETCATALOG_COMPILER_APPICON_NAME = AppIcon;
				ASSETCATALOG_COMPILER_GLOBAL_ACCENT_COLOR_NAME = AccentColor;
				CODE_SIGN_STYLE = Automatic;
				CURRENT_PROJECT_VERSION = 1;
				DEVELOPMENT_ASSET_PATHS = "\"ExpenseTracker/Preview Content\"";
				DEVELOPMENT_TEAM = 372CF2JFZ5;
				ENABLE_PREVIEWS = YES;
				GENERATE_INFOPLIST_FILE = YES;
				INFOPLIST_KEY_UIApplicationSceneManifest_Generation = YES;
				INFOPLIST_KEY_UIApplicationSupportsIndirectInputEvents = YES;
				INFOPLIST_KEY_UILaunchScreen_Generation = YES;
				INFOPLIST_KEY_UISupportedInterfaceOrientations_iPad = "UIInterfaceOrientationPortrait UIInterfaceOrientationPortraitUpsideDown UIInterfaceOrientationLandscapeLeft UIInterfaceOrientationLandscapeRight";
				INFOPLIST_KEY_UISupportedInterfaceOrientations_iPhone = "UIInterfaceOrientationPortrait UIInterfaceOrientationLandscapeLeft UIInterfaceOrientationLandscapeRight";
				LD_RUNPATH_SEARCH_PATHS = (
					"$(inherited)",
					"@executable_path/Frameworks",
				);
				MARKETING_VERSION = 1.0;
				PRODUCT_BUNDLE_IDENTIFIER = th.ac.kmutt.acs.ExpenseTracker;
				PRODUCT_NAME = "$(TARGET_NAME)";
				SWIFT_EMIT_LOC_STRINGS = YES;
				SWIFT_VERSION = 5.0;
				TARGETED_DEVICE_FAMILY = "1,2";
			};
			name = Debug;
		};
		E5CBC3F72BF0E883000A4BD5 /* Release */ = {
			isa = XCBuildConfiguration;
			buildSettings = {
				ASSETCATALOG_COMPILER_APPICON_NAME = AppIcon;
				ASSETCATALOG_COMPILER_GLOBAL_ACCENT_COLOR_NAME = AccentColor;
				CODE_SIGN_STYLE = Automatic;
				CURRENT_PROJECT_VERSION = 1;
				DEVELOPMENT_ASSET_PATHS = "\"ExpenseTracker/Preview Content\"";
				DEVELOPMENT_TEAM = 372CF2JFZ5;
				ENABLE_PREVIEWS = YES;
				GENERATE_INFOPLIST_FILE = YES;
				INFOPLIST_KEY_UIApplicationSceneManifest_Generation = YES;
				INFOPLIST_KEY_UIApplicationSupportsIndirectInputEvents = YES;
				INFOPLIST_KEY_UILaunchScreen_Generation = YES;
				INFOPLIST_KEY_UISupportedInterfaceOrientations_iPad = "UIInterfaceOrientationPortrait UIInterfaceOrientationPortraitUpsideDown UIInterfaceOrientationLandscapeLeft UIInterfaceOrientationLandscapeRight";
				INFOPLIST_KEY_UISupportedInterfaceOrientations_iPhone = "UIInterfaceOrientationPortrait UIInterfaceOrientationLandscapeLeft UIInterfaceOrientationLandscapeRight";
				LD_RUNPATH_SEARCH_PATHS = (
					"$(inherited)",
					"@executable_path/Frameworks",
				);
				MARKETING_VERSION = 1.0;
				PRODUCT_BUNDLE_IDENTIFIER = th.ac.kmutt.acs.ExpenseTracker;
				PRODUCT_NAME = "$(TARGET_NAME)";
				SWIFT_EMIT_LOC_STRINGS = YES;
				SWIFT_VERSION = 5.0;
				TARGETED_DEVICE_FAMILY = "1,2";
			};
			name = Release;
		};
/* End XCBuildConfiguration section */

/* Begin XCConfigurationList section */
		E5CBC3E22BF0E880000A4BD5 /* Build configuration list for PBXProject "ExpenseTracker" */ = {
			isa = XCConfigurationList;
			buildConfigurations = (
				E5CBC3F32BF0E883000A4BD5 /* Debug */,
				E5CBC3F42BF0E883000A4BD5 /* Release */,
			);
			defaultConfigurationIsVisible = 0;
			defaultConfigurationName = Release;
		};
		E5CBC3F52BF0E883000A4BD5 /* Build configuration list for PBXNativeTarget "ExpenseTracker" */ = {
			isa = XCConfigurationList;
			buildConfigurations = (
				E5CBC3F62BF0E883000A4BD5 /* Debug */,
				E5CBC3F72BF0E883000A4BD5 /* Release */,
			);
			defaultConfigurationIsVisible = 0;
			defaultConfigurationName = Release;
		};
/* End XCConfigurationList section */

/* Begin XCRemoteSwiftPackageReference section */
		E5CBC4002BF0FA4F000A4BD5 /* XCRemoteSwiftPackageReference "SwiftUIFontIcon" */ = {
			isa = XCRemoteSwiftPackageReference;
			repositoryURL = "https://github.com/huybuidac/SwiftUIFontIcon.git";
			requirement = {
				branch = master;
				kind = branch;
			};
		};
		E5CBC4092BF10C88000A4BD5 /* XCRemoteSwiftPackageReference "swift-collections" */ = {
			isa = XCRemoteSwiftPackageReference;
			repositoryURL = "https://github.com/apple/swift-collections.git";
			requirement = {
				kind = upToNextMajorVersion;
				minimumVersion = 1.0.2;
			};
		};
		E5CBC40C2BF10D86000A4BD5 /* XCRemoteSwiftPackageReference "ChartView" */ = {
			isa = XCRemoteSwiftPackageReference;
			repositoryURL = "https://github.com/AppPear/ChartView.git";
			requirement = {
				kind = exactVersion;
				version = "2.0.0-beta.2";
			};
		};
/* End XCRemoteSwiftPackageReference section */

/* Begin XCSwiftPackageProductDependency section */
		E5CBC4012BF0FA4F000A4BD5 /* SwiftUIFontIcon */ = {
			isa = XCSwiftPackageProductDependency;
			package = E5CBC4002BF0FA4F000A4BD5 /* XCRemoteSwiftPackageReference "SwiftUIFontIcon" */;
			productName = SwiftUIFontIcon;
		};
		E5CBC40A2BF10C88000A4BD5 /* Collections */ = {
			isa = XCSwiftPackageProductDependency;
			package = E5CBC4092BF10C88000A4BD5 /* XCRemoteSwiftPackageReference "swift-collections" */;
			productName = Collections;
		};
		E5CBC40D2BF10D86000A4BD5 /* SwiftUICharts */ = {
			isa = XCSwiftPackageProductDependency;
			package = E5CBC40C2BF10D86000A4BD5 /* XCRemoteSwiftPackageReference "ChartView" */;
			productName = SwiftUICharts;
		};
/* End XCSwiftPackageProductDependency section */
	};
	rootObject = E5CBC3DF2BF0E880000A4BD5 /* Project object */;
}
